// !$*UTF8*$!
{
	archiveVersion = 1;
	classes = {
	};
	objectVersion = 51;
	objects = {

/* Begin PBXBuildFile section */
		003C3DBF259CB2090087E52C /* Equipment.swift in Sources */ = {isa = PBXBuildFile; fileRef = 003C3DBE259CB2090087E52C /* Equipment.swift */; };
		003C3DC3259CB9130087E52C /* EquipmentView.swift in Sources */ = {isa = PBXBuildFile; fileRef = 003C3DC2259CB9120087E52C /* EquipmentView.swift */; };
		003C3DD0259CF41C0087E52C /* EquipmentList.swift in Sources */ = {isa = PBXBuildFile; fileRef = 003C3DCF259CF41C0087E52C /* EquipmentList.swift */; };
		003C3DD7259CF82C0087E52C /* DetailsView.swift in Sources */ = {isa = PBXBuildFile; fileRef = 003C3DD6259CF82C0087E52C /* DetailsView.swift */; };
		0064815325A0DCA30094DAD3 /* amplifyconfiguration.json in Resources */ = {isa = PBXBuildFile; fileRef = C358C16400864E8C9A495229 /* amplifyconfiguration.json */; };
		0064815425A0DCA30094DAD3 /* awsconfiguration.json in Resources */ = {isa = PBXBuildFile; fileRef = CFF9CD1332C24C718931B9A4 /* awsconfiguration.json */; };
		00830BC0259E20A7000C6D3D /* MovementList.swift in Sources */ = {isa = PBXBuildFile; fileRef = 00830BBF259E20A7000C6D3D /* MovementList.swift */; };
		009EB242259A374B0007358A /* RandomWorkoutSandboxApp.swift in Sources */ = {isa = PBXBuildFile; fileRef = 009EB241259A374B0007358A /* RandomWorkoutSandboxApp.swift */; };
		009EB244259A374B0007358A /* EquipmentListView.swift in Sources */ = {isa = PBXBuildFile; fileRef = 009EB243259A374B0007358A /* EquipmentListView.swift */; };
		009EB246259A374E0007358A /* Assets.xcassets in Resources */ = {isa = PBXBuildFile; fileRef = 009EB245259A374E0007358A /* Assets.xcassets */; };
		009EB249259A374E0007358A /* Preview Assets.xcassets in Resources */ = {isa = PBXBuildFile; fileRef = 009EB248259A374E0007358A /* Preview Assets.xcassets */; };
		009EB252259A9E570007358A /* Movement.swift in Sources */ = {isa = PBXBuildFile; fileRef = 009EB251259A9E570007358A /* Movement.swift */; };
		009EB25D259AA3BA0007358A /* WorkoutController.swift in Sources */ = {isa = PBXBuildFile; fileRef = 009EB25C259AA3BA0007358A /* WorkoutController.swift */; };
		00A2C58B25A17205008E92DA /* LoginView.swift in Sources */ = {isa = PBXBuildFile; fileRef = 00A2C58A25A17205008E92DA /* LoginView.swift */; };
		00D5CA6A25A1FBC900A88E40 /* SignUpView.swift in Sources */ = {isa = PBXBuildFile; fileRef = 00D5CA6925A1FBC900A88E40 /* SignUpView.swift */; };
		00D5CA6D25A1FEB400A88E40 /* ConfirmationView.swift in Sources */ = {isa = PBXBuildFile; fileRef = 00D5CA6C25A1FEB400A88E40 /* ConfirmationView.swift */; };
		00D5CA7725A2012F00A88E40 /* SessionManagerService.swift in Sources */ = {isa = PBXBuildFile; fileRef = 00D5CA7625A2012F00A88E40 /* SessionManagerService.swift */; };
		5218C997E59A127C864C807D /* Pods_RandomWorkoutSandbox.framework in Frameworks */ = {isa = PBXBuildFile; fileRef = 661A712E664FF388FF9CC10C /* Pods_RandomWorkoutSandbox.framework */; };
/* End PBXBuildFile section */

/* Begin PBXFileReference section */
		003C3DBE259CB2090087E52C /* Equipment.swift */ = {isa = PBXFileReference; lastKnownFileType = sourcecode.swift; path = Equipment.swift; sourceTree = "<group>"; };
		003C3DC2259CB9120087E52C /* EquipmentView.swift */ = {isa = PBXFileReference; lastKnownFileType = sourcecode.swift; path = EquipmentView.swift; sourceTree = "<group>"; };
		003C3DCF259CF41C0087E52C /* EquipmentList.swift */ = {isa = PBXFileReference; lastKnownFileType = sourcecode.swift; path = EquipmentList.swift; sourceTree = "<group>"; };
		003C3DD6259CF82C0087E52C /* DetailsView.swift */ = {isa = PBXFileReference; lastKnownFileType = sourcecode.swift; path = DetailsView.swift; sourceTree = "<group>"; };
		00830BBF259E20A7000C6D3D /* MovementList.swift */ = {isa = PBXFileReference; lastKnownFileType = sourcecode.swift; path = MovementList.swift; sourceTree = "<group>"; };
		009EB23E259A374B0007358A /* RandomWorkoutSandbox.app */ = {isa = PBXFileReference; explicitFileType = wrapper.application; includeInIndex = 0; path = RandomWorkoutSandbox.app; sourceTree = BUILT_PRODUCTS_DIR; };
		009EB241259A374B0007358A /* RandomWorkoutSandboxApp.swift */ = {isa = PBXFileReference; lastKnownFileType = sourcecode.swift; path = RandomWorkoutSandboxApp.swift; sourceTree = "<group>"; };
		009EB243259A374B0007358A /* EquipmentListView.swift */ = {isa = PBXFileReference; lastKnownFileType = sourcecode.swift; path = EquipmentListView.swift; sourceTree = "<group>"; };
		009EB245259A374E0007358A /* Assets.xcassets */ = {isa = PBXFileReference; lastKnownFileType = folder.assetcatalog; path = Assets.xcassets; sourceTree = "<group>"; };
		009EB248259A374E0007358A /* Preview Assets.xcassets */ = {isa = PBXFileReference; lastKnownFileType = folder.assetcatalog; path = "Preview Assets.xcassets"; sourceTree = "<group>"; };
		009EB24A259A374E0007358A /* Info.plist */ = {isa = PBXFileReference; lastKnownFileType = text.plist.xml; path = Info.plist; sourceTree = "<group>"; };
		009EB251259A9E570007358A /* Movement.swift */ = {isa = PBXFileReference; lastKnownFileType = sourcecode.swift; path = Movement.swift; sourceTree = "<group>"; };
		009EB25C259AA3BA0007358A /* WorkoutController.swift */ = {isa = PBXFileReference; lastKnownFileType = sourcecode.swift; path = WorkoutController.swift; sourceTree = "<group>"; };
		00A2C58A25A17205008E92DA /* LoginView.swift */ = {isa = PBXFileReference; lastKnownFileType = sourcecode.swift; path = LoginView.swift; sourceTree = "<group>"; };
		00D5CA6925A1FBC900A88E40 /* SignUpView.swift */ = {isa = PBXFileReference; lastKnownFileType = sourcecode.swift; path = SignUpView.swift; sourceTree = "<group>"; };
		00D5CA6C25A1FEB400A88E40 /* ConfirmationView.swift */ = {isa = PBXFileReference; lastKnownFileType = sourcecode.swift; path = ConfirmationView.swift; sourceTree = "<group>"; };
		00D5CA7625A2012F00A88E40 /* SessionManagerService.swift */ = {isa = PBXFileReference; lastKnownFileType = sourcecode.swift; path = SessionManagerService.swift; sourceTree = "<group>"; };
		661A712E664FF388FF9CC10C /* Pods_RandomWorkoutSandbox.framework */ = {isa = PBXFileReference; explicitFileType = wrapper.framework; includeInIndex = 0; path = Pods_RandomWorkoutSandbox.framework; sourceTree = BUILT_PRODUCTS_DIR; };
		BC5591342D914D7BB39648EE /* amplifytools.xcconfig */ = {isa = PBXFileReference; explicitFileType = undefined; fileEncoding = 4; includeInIndex = 0; lastKnownFileType = text.xcconfig; path = amplifytools.xcconfig; sourceTree = "<group>"; };
		C358C16400864E8C9A495229 /* amplifyconfiguration.json */ = {isa = PBXFileReference; explicitFileType = undefined; fileEncoding = 9; includeInIndex = 0; lastKnownFileType = unknown; path = amplifyconfiguration.json; sourceTree = "<group>"; };
		C781FC596EE81F0E30A2F95F /* Pods-RandomWorkoutSandbox.debug.xcconfig */ = {isa = PBXFileReference; includeInIndex = 1; lastKnownFileType = text.xcconfig; name = "Pods-RandomWorkoutSandbox.debug.xcconfig"; path = "Target Support Files/Pods-RandomWorkoutSandbox/Pods-RandomWorkoutSandbox.debug.xcconfig"; sourceTree = "<group>"; };
		CFF9CD1332C24C718931B9A4 /* awsconfiguration.json */ = {isa = PBXFileReference; explicitFileType = undefined; fileEncoding = 9; includeInIndex = 0; lastKnownFileType = unknown; path = awsconfiguration.json; sourceTree = "<group>"; };
		E7CEFCF80D01F6ACCB34BAD1 /* Pods-RandomWorkoutSandbox.release.xcconfig */ = {isa = PBXFileReference; includeInIndex = 1; lastKnownFileType = text.xcconfig; name = "Pods-RandomWorkoutSandbox.release.xcconfig"; path = "Target Support Files/Pods-RandomWorkoutSandbox/Pods-RandomWorkoutSandbox.release.xcconfig"; sourceTree = "<group>"; };
/* End PBXFileReference section */

/* Begin PBXFrameworksBuildPhase section */
		009EB23B259A374A0007358A /* Frameworks */ = {
			isa = PBXFrameworksBuildPhase;
			buildActionMask = 2147483647;
			files = (
				5218C997E59A127C864C807D /* Pods_RandomWorkoutSandbox.framework in Frameworks */,
			);
			runOnlyForDeploymentPostprocessing = 0;
		};
/* End PBXFrameworksBuildPhase section */

/* Begin PBXGroup section */
		009EB235259A374A0007358A = {
			isa = PBXGroup;
			children = (
				EFC89FB81ABF479484690E15 /* AmplifyConfig */,
				009EB240259A374B0007358A /* RandomWorkoutSandbox */,
				009EB23F259A374B0007358A /* Products */,
				5CC0A5C8ED220EE4448171E5 /* Pods */,
				AEBC80DBBFAD97985BB1ED3D /* Frameworks */,
			);
			sourceTree = "<group>";
		};
		009EB23F259A374B0007358A /* Products */ = {
			isa = PBXGroup;
			children = (
				009EB23E259A374B0007358A /* RandomWorkoutSandbox.app */,
			);
			name = Products;
			sourceTree = "<group>";
		};
		009EB240259A374B0007358A /* RandomWorkoutSandbox */ = {
			isa = PBXGroup;
			children = (
				00D5CA7525A2011E00A88E40 /* Service */,
				009EB241259A374B0007358A /* RandomWorkoutSandboxApp.swift */,
				009EB25A259AA0840007358A /* Controller */,
				009EB259259AA07F0007358A /* View */,
				009EB257259AA0710007358A /* Model */,
				009EB245259A374E0007358A /* Assets.xcassets */,
				009EB24A259A374E0007358A /* Info.plist */,
				009EB247259A374E0007358A /* Preview Content */,
				003C3DCF259CF41C0087E52C /* EquipmentList.swift */,
				00830BBF259E20A7000C6D3D /* MovementList.swift */,
			);
			path = RandomWorkoutSandbox;
			sourceTree = "<group>";
		};
		009EB247259A374E0007358A /* Preview Content */ = {
			isa = PBXGroup;
			children = (
				009EB248259A374E0007358A /* Preview Assets.xcassets */,
			);
			path = "Preview Content";
			sourceTree = "<group>";
		};
		009EB257259AA0710007358A /* Model */ = {
			isa = PBXGroup;
			children = (
				009EB251259A9E570007358A /* Movement.swift */,
				003C3DBE259CB2090087E52C /* Equipment.swift */,
			);
			path = Model;
			sourceTree = "<group>";
		};
		009EB259259AA07F0007358A /* View */ = {
			isa = PBXGroup;
			children = (
				009EB243259A374B0007358A /* EquipmentListView.swift */,
				003C3DC2259CB9120087E52C /* EquipmentView.swift */,
				003C3DD6259CF82C0087E52C /* DetailsView.swift */,
				00A2C58A25A17205008E92DA /* LoginView.swift */,
				00D5CA6925A1FBC900A88E40 /* SignUpView.swift */,
				00D5CA6C25A1FEB400A88E40 /* ConfirmationView.swift */,
			);
			path = View;
			sourceTree = "<group>";
		};
		009EB25A259AA0840007358A /* Controller */ = {
			isa = PBXGroup;
			children = (
				009EB25C259AA3BA0007358A /* WorkoutController.swift */,
			);
			path = Controller;
			sourceTree = "<group>";
		};
		00D5CA7525A2011E00A88E40 /* Service */ = {
			isa = PBXGroup;
			children = (
				00D5CA7625A2012F00A88E40 /* SessionManagerService.swift */,
			);
			path = Service;
			sourceTree = "<group>";
		};
		5CC0A5C8ED220EE4448171E5 /* Pods */ = {
			isa = PBXGroup;
			children = (
				C781FC596EE81F0E30A2F95F /* Pods-RandomWorkoutSandbox.debug.xcconfig */,
				E7CEFCF80D01F6ACCB34BAD1 /* Pods-RandomWorkoutSandbox.release.xcconfig */,
			);
			path = Pods;
			sourceTree = "<group>";
		};
		AEBC80DBBFAD97985BB1ED3D /* Frameworks */ = {
			isa = PBXGroup;
			children = (
				661A712E664FF388FF9CC10C /* Pods_RandomWorkoutSandbox.framework */,
			);
			name = Frameworks;
			sourceTree = "<group>";
		};
		EFC89FB81ABF479484690E15 /* AmplifyConfig */ = {
			isa = PBXGroup;
			children = (
				BC5591342D914D7BB39648EE /* amplifytools.xcconfig */,
				C358C16400864E8C9A495229 /* amplifyconfiguration.json */,
				CFF9CD1332C24C718931B9A4 /* awsconfiguration.json */,
			);
			name = AmplifyConfig;
			path = .;
			sourceTree = "<group>";
		};
/* End PBXGroup section */

/* Begin PBXNativeTarget section */
		009EB23D259A374A0007358A /* RandomWorkoutSandbox */ = {
			isa = PBXNativeTarget;
			buildConfigurationList = 009EB24D259A374E0007358A /* Build configuration list for PBXNativeTarget "RandomWorkoutSandbox" */;
			buildPhases = (
				5F14690426F493FC85C2CE2A /* [CP] Check Pods Manifest.lock */,
				009EB23A259A374A0007358A /* Sources */,
				009EB23B259A374A0007358A /* Frameworks */,
				009EB23C259A374A0007358A /* Resources */,
				40A9EBABD58CDDD6745EB4D0 /* [CP] Embed Pods Frameworks */,
			);
			buildRules = (
			);
			dependencies = (
			);
			name = RandomWorkoutSandbox;
			productName = RandomWorkoutSandbox;
			productReference = 009EB23E259A374B0007358A /* RandomWorkoutSandbox.app */;
			productType = "com.apple.product-type.application";
		};
/* End PBXNativeTarget section */

/* Begin PBXProject section */
		009EB236259A374A0007358A /* Project object */ = {
			isa = PBXProject;
			attributes = {
				LastSwiftUpdateCheck = 1230;
				LastUpgradeCheck = 1230;
				TargetAttributes = {
					009EB23D259A374A0007358A = {
						CreatedOnToolsVersion = 12.3;
					};
				};
			};
			buildConfigurationList = 009EB239259A374A0007358A /* Build configuration list for PBXProject "RandomWorkoutSandbox" */;
			compatibilityVersion = "Xcode 9.3";
			developmentRegion = en;
			hasScannedForEncodings = 0;
			knownRegions = (
				en,
				Base,
			);
			mainGroup = 009EB235259A374A0007358A;
			productRefGroup = 009EB23F259A374B0007358A /* Products */;
			projectDirPath = "";
			projectRoot = "";
			targets = (
				009EB23D259A374A0007358A /* RandomWorkoutSandbox */,
			);
		};
/* End PBXProject section */

/* Begin PBXResourcesBuildPhase section */
		009EB23C259A374A0007358A /* Resources */ = {
			isa = PBXResourcesBuildPhase;
			buildActionMask = 2147483647;
			files = (
				0064815325A0DCA30094DAD3 /* amplifyconfiguration.json in Resources */,
				0064815425A0DCA30094DAD3 /* awsconfiguration.json in Resources */,
				009EB249259A374E0007358A /* Preview Assets.xcassets in Resources */,
				009EB246259A374E0007358A /* Assets.xcassets in Resources */,
			);
			runOnlyForDeploymentPostprocessing = 0;
		};
/* End PBXResourcesBuildPhase section */

/* Begin PBXShellScriptBuildPhase section */
		40A9EBABD58CDDD6745EB4D0 /* [CP] Embed Pods Frameworks */ = {
			isa = PBXShellScriptBuildPhase;
			buildActionMask = 2147483647;
			files = (
			);
			inputFileListPaths = (
				"${PODS_ROOT}/Target Support Files/Pods-RandomWorkoutSandbox/Pods-RandomWorkoutSandbox-frameworks-${CONFIGURATION}-input-files.xcfilelist",
			);
			name = "[CP] Embed Pods Frameworks";
			outputFileListPaths = (
				"${PODS_ROOT}/Target Support Files/Pods-RandomWorkoutSandbox/Pods-RandomWorkoutSandbox-frameworks-${CONFIGURATION}-output-files.xcfilelist",
			);
			runOnlyForDeploymentPostprocessing = 0;
			shellPath = /bin/sh;
			shellScript = "\"${PODS_ROOT}/Target Support Files/Pods-RandomWorkoutSandbox/Pods-RandomWorkoutSandbox-frameworks.sh\"\n";
			showEnvVarsInLog = 0;
		};
		5F14690426F493FC85C2CE2A /* [CP] Check Pods Manifest.lock */ = {
			isa = PBXShellScriptBuildPhase;
			buildActionMask = 2147483647;
			files = (
			);
			inputFileListPaths = (
			);
			inputPaths = (
				"${PODS_PODFILE_DIR_PATH}/Podfile.lock",
				"${PODS_ROOT}/Manifest.lock",
			);
			name = "[CP] Check Pods Manifest.lock";
			outputFileListPaths = (
			);
			outputPaths = (
				"$(DERIVED_FILE_DIR)/Pods-RandomWorkoutSandbox-checkManifestLockResult.txt",
			);
			runOnlyForDeploymentPostprocessing = 0;
			shellPath = /bin/sh;
			shellScript = "diff \"${PODS_PODFILE_DIR_PATH}/Podfile.lock\" \"${PODS_ROOT}/Manifest.lock\" > /dev/null\nif [ $? != 0 ] ; then\n    # print error to STDERR\n    echo \"error: The sandbox is not in sync with the Podfile.lock. Run 'pod install' or update your CocoaPods installation.\" >&2\n    exit 1\nfi\n# This output is used by Xcode 'outputs' to avoid re-running this script phase.\necho \"SUCCESS\" > \"${SCRIPT_OUTPUT_FILE_0}\"\n";
			showEnvVarsInLog = 0;
		};
/* End PBXShellScriptBuildPhase section */

/* Begin PBXSourcesBuildPhase section */
		009EB23A259A374A0007358A /* Sources */ = {
			isa = PBXSourcesBuildPhase;
			buildActionMask = 2147483647;
			files = (
				009EB252259A9E570007358A /* Movement.swift in Sources */,
				009EB25D259AA3BA0007358A /* WorkoutController.swift in Sources */,
				003C3DD7259CF82C0087E52C /* DetailsView.swift in Sources */,
				003C3DD0259CF41C0087E52C /* EquipmentList.swift in Sources */,
				00830BC0259E20A7000C6D3D /* MovementList.swift in Sources */,
				00A2C58B25A17205008E92DA /* LoginView.swift in Sources */,
				003C3DBF259CB2090087E52C /* Equipment.swift in Sources */,
				00D5CA6A25A1FBC900A88E40 /* SignUpView.swift in Sources */,
				00D5CA7725A2012F00A88E40 /* SessionManagerService.swift in Sources */,
				00D5CA6D25A1FEB400A88E40 /* ConfirmationView.swift in Sources */,
				009EB244259A374B0007358A /* EquipmentListView.swift in Sources */,
				003C3DC3259CB9130087E52C /* EquipmentView.swift in Sources */,
				009EB242259A374B0007358A /* RandomWorkoutSandboxApp.swift in Sources */,
			);
			runOnlyForDeploymentPostprocessing = 0;
		};
/* End PBXSourcesBuildPhase section */

/* Begin XCBuildConfiguration section */
		009EB24B259A374E0007358A /* Debug */ = {
			isa = XCBuildConfiguration;
			buildSettings = {
				ALWAYS_SEARCH_USER_PATHS = NO;
				CLANG_ANALYZER_NONNULL = YES;
				CLANG_ANALYZER_NUMBER_OBJECT_CONVERSION = YES_AGGRESSIVE;
				CLANG_CXX_LANGUAGE_STANDARD = "gnu++14";
				CLANG_CXX_LIBRARY = "libc++";
				CLANG_ENABLE_MODULES = YES;
				CLANG_ENABLE_OBJC_ARC = YES;
				CLANG_ENABLE_OBJC_WEAK = YES;
				CLANG_WARN_BLOCK_CAPTURE_AUTORELEASING = YES;
				CLANG_WARN_BOOL_CONVERSION = YES;
				CLANG_WARN_COMMA = YES;
				CLANG_WARN_CONSTANT_CONVERSION = YES;
				CLANG_WARN_DEPRECATED_OBJC_IMPLEMENTATIONS = YES;
				CLANG_WARN_DIRECT_OBJC_ISA_USAGE = YES_ERROR;
				CLANG_WARN_DOCUMENTATION_COMMENTS = YES;
				CLANG_WARN_EMPTY_BODY = YES;
				CLANG_WARN_ENUM_CONVERSION = YES;
				CLANG_WARN_INFINITE_RECURSION = YES;
				CLANG_WARN_INT_CONVERSION = YES;
				CLANG_WARN_NON_LITERAL_NULL_CONVERSION = YES;
				CLANG_WARN_OBJC_IMPLICIT_RETAIN_SELF = YES;
				CLANG_WARN_OBJC_LITERAL_CONVERSION = YES;
				CLANG_WARN_OBJC_ROOT_CLASS = YES_ERROR;
				CLANG_WARN_QUOTED_INCLUDE_IN_FRAMEWORK_HEADER = YES;
				CLANG_WARN_RANGE_LOOP_ANALYSIS = YES;
				CLANG_WARN_STRICT_PROTOTYPES = YES;
				CLANG_WARN_SUSPICIOUS_MOVE = YES;
				CLANG_WARN_UNGUARDED_AVAILABILITY = YES_AGGRESSIVE;
				CLANG_WARN_UNREACHABLE_CODE = YES;
				CLANG_WARN__DUPLICATE_METHOD_MATCH = YES;
				COPY_PHASE_STRIP = NO;
				DEBUG_INFORMATION_FORMAT = dwarf;
				ENABLE_STRICT_OBJC_MSGSEND = YES;
				ENABLE_TESTABILITY = YES;
				GCC_C_LANGUAGE_STANDARD = gnu11;
				GCC_DYNAMIC_NO_PIC = NO;
				GCC_NO_COMMON_BLOCKS = YES;
				GCC_OPTIMIZATION_LEVEL = 0;
				GCC_PREPROCESSOR_DEFINITIONS = (
					"DEBUG=1",
					"$(inherited)",
				);
				GCC_WARN_64_TO_32_BIT_CONVERSION = YES;
				GCC_WARN_ABOUT_RETURN_TYPE = YES_ERROR;
				GCC_WARN_UNDECLARED_SELECTOR = YES;
				GCC_WARN_UNINITIALIZED_AUTOS = YES_AGGRESSIVE;
				GCC_WARN_UNUSED_FUNCTION = YES;
				GCC_WARN_UNUSED_VARIABLE = YES;
				IPHONEOS_DEPLOYMENT_TARGET = 14.3;
				MTL_ENABLE_DEBUG_INFO = INCLUDE_SOURCE;
				MTL_FAST_MATH = YES;
				ONLY_ACTIVE_ARCH = YES;
				SDKROOT = iphoneos;
				SWIFT_ACTIVE_COMPILATION_CONDITIONS = DEBUG;
				SWIFT_OPTIMIZATION_LEVEL = "-Onone";
			};
			name = Debug;
		};
		009EB24C259A374E0007358A /* Release */ = {
			isa = XCBuildConfiguration;
			buildSettings = {
				ALWAYS_SEARCH_USER_PATHS = NO;
				CLANG_ANALYZER_NONNULL = YES;
				CLANG_ANALYZER_NUMBER_OBJECT_CONVERSION = YES_AGGRESSIVE;
				CLANG_CXX_LANGUAGE_STANDARD = "gnu++14";
				CLANG_CXX_LIBRARY = "libc++";
				CLANG_ENABLE_MODULES = YES;
				CLANG_ENABLE_OBJC_ARC = YES;
				CLANG_ENABLE_OBJC_WEAK = YES;
				CLANG_WARN_BLOCK_CAPTURE_AUTORELEASING = YES;
				CLANG_WARN_BOOL_CONVERSION = YES;
				CLANG_WARN_COMMA = YES;
				CLANG_WARN_CONSTANT_CONVERSION = YES;
				CLANG_WARN_DEPRECATED_OBJC_IMPLEMENTATIONS = YES;
				CLANG_WARN_DIRECT_OBJC_ISA_USAGE = YES_ERROR;
				CLANG_WARN_DOCUMENTATION_COMMENTS = YES;
				CLANG_WARN_EMPTY_BODY = YES;
				CLANG_WARN_ENUM_CONVERSION = YES;
				CLANG_WARN_INFINITE_RECURSION = YES;
				CLANG_WARN_INT_CONVERSION = YES;
				CLANG_WARN_NON_LITERAL_NULL_CONVERSION = YES;
				CLANG_WARN_OBJC_IMPLICIT_RETAIN_SELF = YES;
				CLANG_WARN_OBJC_LITERAL_CONVERSION = YES;
				CLANG_WARN_OBJC_ROOT_CLASS = YES_ERROR;
				CLANG_WARN_QUOTED_INCLUDE_IN_FRAMEWORK_HEADER = YES;
				CLANG_WARN_RANGE_LOOP_ANALYSIS = YES;
				CLANG_WARN_STRICT_PROTOTYPES = YES;
				CLANG_WARN_SUSPICIOUS_MOVE = YES;
				CLANG_WARN_UNGUARDED_AVAILABILITY = YES_AGGRESSIVE;
				CLANG_WARN_UNREACHABLE_CODE = YES;
				CLANG_WARN__DUPLICATE_METHOD_MATCH = YES;
				COPY_PHASE_STRIP = NO;
				DEBUG_INFORMATION_FORMAT = "dwarf-with-dsym";
				ENABLE_NS_ASSERTIONS = NO;
				ENABLE_STRICT_OBJC_MSGSEND = YES;
				GCC_C_LANGUAGE_STANDARD = gnu11;
				GCC_NO_COMMON_BLOCKS = YES;
				GCC_WARN_64_TO_32_BIT_CONVERSION = YES;
				GCC_WARN_ABOUT_RETURN_TYPE = YES_ERROR;
				GCC_WARN_UNDECLARED_SELECTOR = YES;
				GCC_WARN_UNINITIALIZED_AUTOS = YES_AGGRESSIVE;
				GCC_WARN_UNUSED_FUNCTION = YES;
				GCC_WARN_UNUSED_VARIABLE = YES;
				IPHONEOS_DEPLOYMENT_TARGET = 14.3;
				MTL_ENABLE_DEBUG_INFO = NO;
				MTL_FAST_MATH = YES;
				SDKROOT = iphoneos;
				SWIFT_COMPILATION_MODE = wholemodule;
				SWIFT_OPTIMIZATION_LEVEL = "-O";
				VALIDATE_PRODUCT = YES;
			};
			name = Release;
		};
		009EB24E259A374E0007358A /* Debug */ = {
			isa = XCBuildConfiguration;
			baseConfigurationReference = C781FC596EE81F0E30A2F95F /* Pods-RandomWorkoutSandbox.debug.xcconfig */;
			buildSettings = {
				ASSETCATALOG_COMPILER_APPICON_NAME = AppIcon;
				ASSETCATALOG_COMPILER_GLOBAL_ACCENT_COLOR_NAME = AccentColor;
				CODE_SIGN_STYLE = Automatic;
				CURRENT_PROJECT_VERSION = 2;
				DEVELOPMENT_ASSET_PATHS = "\"RandomWorkoutSandbox/Preview Content\"";
				DEVELOPMENT_TEAM = 7339MBSHPP;
				ENABLE_PREVIEWS = YES;
				INFOPLIST_FILE = RandomWorkoutSandbox/Info.plist;
				IPHONEOS_DEPLOYMENT_TARGET = 14.0;
				LD_RUNPATH_SEARCH_PATHS = (
					"$(inherited)",
					"@executable_path/Frameworks",
				);
				MARKETING_VERSION = 1.2;
				PRODUCT_BUNDLE_IDENTIFIER = com.brocktubre.RandomMovement;
				PRODUCT_NAME = "$(TARGET_NAME)";
				SWIFT_VERSION = 5.0;
				TARGETED_DEVICE_FAMILY = "1,2";
			};
			name = Debug;
		};
		009EB24F259A374E0007358A /* Release */ = {
			isa = XCBuildConfiguration;
			baseConfigurationReference = E7CEFCF80D01F6ACCB34BAD1 /* Pods-RandomWorkoutSandbox.release.xcconfig */;
			buildSettings = {
				ASSETCATALOG_COMPILER_APPICON_NAME = AppIcon;
				ASSETCATALOG_COMPILER_GLOBAL_ACCENT_COLOR_NAME = AccentColor;
				CODE_SIGN_STYLE = Automatic;
				CURRENT_PROJECT_VERSION = 2;
				DEVELOPMENT_ASSET_PATHS = "\"RandomWorkoutSandbox/Preview Content\"";
				DEVELOPMENT_TEAM = 7339MBSHPP;
				ENABLE_PREVIEWS = YES;
				INFOPLIST_FILE = RandomWorkoutSandbox/Info.plist;
				IPHONEOS_DEPLOYMENT_TARGET = 14.0;
				LD_RUNPATH_SEARCH_PATHS = (
					"$(inherited)",
					"@executable_path/Frameworks",
				);
				MARKETING_VERSION = 1.2;
				PRODUCT_BUNDLE_IDENTIFIER = com.brocktubre.RandomMovement;
				PRODUCT_NAME = "$(TARGET_NAME)";
				SWIFT_VERSION = 5.0;
				TARGETED_DEVICE_FAMILY = "1,2";
			};
			name = Release;
		};
/* End XCBuildConfiguration section */

/* Begin XCConfigurationList section */
		009EB239259A374A0007358A /* Build configuration list for PBXProject "RandomWorkoutSandbox" */ = {
			isa = XCConfigurationList;
			buildConfigurations = (
				009EB24B259A374E0007358A /* Debug */,
				009EB24C259A374E0007358A /* Release */,
			);
			defaultConfigurationIsVisible = 0;
			defaultConfigurationName = Release;
		};
		009EB24D259A374E0007358A /* Build configuration list for PBXNativeTarget "RandomWorkoutSandbox" */ = {
			isa = XCConfigurationList;
			buildConfigurations = (
				009EB24E259A374E0007358A /* Debug */,
				009EB24F259A374E0007358A /* Release */,
			);
			defaultConfigurationIsVisible = 0;
			defaultConfigurationName = Release;
		};
/* End XCConfigurationList section */
	};
	rootObject = 009EB236259A374A0007358A /* Project object */;
}
